
Microsoft Visual Studio Solution File, Format Version 12.00
# Visual Studio Version 17
VisualStudioVersion = 17.7.34221.43
MinimumVisualStudioVersion = 10.0.40219.1
Project("{FAE04EC0-301F-11D3-BF4B-00C04F79EFBC}") = "Codility-PermutationMissingElement", "Codility-PermutationMissingElement\Codility-PermutationMissingElement.csproj", "{0CEA3E17-AC72-429C-B81A-88F755119085}"
EndProject
Project("{FAE04EC0-301F-11D3-BF4B-00C04F79EFBC}") = "Codility-PermutationMissingElementTests", "Codility-PermutationMissingElementTests\Codility-PermutationMissingElementTests.csproj", "{D55A1E86-BFD6-4DCE-97F9-14E1F473EFB1}"
EndProject
Global
	GlobalSection(SolutionConfigurationPlatforms) = preSolution
		Debug|Any CPU = Debug|Any CPU
		Release|Any CPU = Release|Any CPU
	EndGlobalSection
	GlobalSection(ProjectConfigurationPlatforms) = postSolution
		{0CEA3E17-AC72-429C-B81A-88F755119085}.Debug|Any CPU.ActiveCfg = Debug|Any CPU
		{0CEA3E17-AC72-429C-B81A-88F755119085}.Debug|Any CPU.Build.0 = Debug|Any CPU
		{0CEA3E17-AC72-429C-B81A-88F755119085}.Release|Any CPU.ActiveCfg = Release|Any CPU
		{0CEA3E17-AC72-429C-B81A-88F755119085}.Release|Any CPU.Build.0 = Release|Any CPU
		{D55A1E86-BFD6-4DCE-97F9-14E1F473EFB1}.Debug|Any CPU.ActiveCfg = Debug|Any CPU
		{D55A1E86-BFD6-4DCE-97F9-14E1F473EFB1}.Debug|Any CPU.Build.0 = Debug|Any CPU
		{D55A1E86-BFD6-4DCE-97F9-14E1F473EFB1}.Release|Any CPU.ActiveCfg = Release|Any CPU
		{D55A1E86-BFD6-4DCE-97F9-14E1F473EFB1}.Release|Any CPU.Build.0 = Release|Any CPU
	EndGlobalSection
	GlobalSection(SolutionProperties) = preSolution
		HideSolutionNode = FALSE
	EndGlobalSection
	GlobalSection(ExtensibilityGlobals) = postSolution
		SolutionGuid = {F07B592D-A967-47E1-8551-65997F533AF3}
	EndGlobalSection
EndGlobal
